
Microsoft Visual Studio Solution File, Format Version 12.00
Project("{FAE04EC0-301F-11D3-BF4B-00C04F79EFBC}") = "LWS-Auth", "LWS-Auth\LWS-Auth.csproj", "{7FF799F0-C1AC-4A25-B41D-DA8C2E631D58}"
EndProject
Global
	GlobalSection(SolutionConfigurationPlatforms) = preSolution
		Debug|Any CPU = Debug|Any CPU
		Release|Any CPU = Release|Any CPU
	EndGlobalSection
	GlobalSection(ProjectConfigurationPlatforms) = postSolution
		{7FF799F0-C1AC-4A25-B41D-DA8C2E631D58}.Debug|Any CPU.ActiveCfg = Debug|Any CPU
		{7FF799F0-C1AC-4A25-B41D-DA8C2E631D58}.Debug|Any CPU.Build.0 = Debug|Any CPU
		{7FF799F0-C1AC-4A25-B41D-DA8C2E631D58}.Release|Any CPU.ActiveCfg = Release|Any CPU
		{7FF799F0-C1AC-4A25-B41D-DA8C2E631D58}.Release|Any CPU.Build.0 = Release|Any CPU
	EndGlobalSection
EndGlobal
